<?xml version="1.0" encoding="utf-8"?>
<Project ToolsVersion="4.0" xmlns="http://schemas.microsoft.com/developer/msbuild/2003">
  <ItemGroup>
    <Filter Include="Quelldateien">
      <UniqueIdentifier>{4FC737F1-C7A5-4376-A066-2A32D752A2FF}</UniqueIdentifier>
      <Extensions>cpp;c;cc;def;odl;idl;hpj;bat;asm;asmx</Extensions>
    </Filter>
    <Filter Include="Headerdateien">
      <UniqueIdentifier>{93995380-89BD-4b04-88EB-625FBE52EBFB}</UniqueIdentifier>
      <Extensions>h;hh;hpp;hxx;hm;inl;inc;ipp;xsd</Extensions>
    </Filter>
    <Filter Include="Ressourcendateien">
      <UniqueIdentifier>{67DA6AB6-F800-4c08-8B7A-83BB121AAD01}</UniqueIdentifier>
      <Extensions>rc;ico;cur;bmp;dlg;rc2;rct;bin;rgs;gif;jpg;jpeg;jpe;resx;tiff;tif;png;wav;mfcribbon-ms</Extensions>
    </Filter>
    <Filter Include="Generated Files">
      <UniqueIdentifier>{309bc76c-bdf6-4e6c-ac3b-d68d02b3f436}</UniqueIdentifier>
      <Extensions>cxx</Extensions>
    </Filter>
    <Filter Include="SWIG Header">
      <UniqueIdentifier>{c81a53e6-01b2-472c-a5dd-0ba92b6758e3}</UniqueIdentifier>
      <Extensions>i;</Extensions>
    </Filter>
  </ItemGroup>
  <ItemGroup>
    <ClInclude Include="targetver.h">
      <Filter>Headerdateien</Filter>
    </ClInclude>
    <ClInclude Include="constants.h">
      <Filter>Headerdateien</Filter>
    </ClInclude>
    <ClInclude Include="_BaslerGigECamera.h">
      <Filter>Headerdateien</Filter>
    </ClInclude>
    <ClInclude Include="_BaslerUSBCamera.h">
      <Filter>Headerdateien</Filter>
    </ClInclude>
    <ClInclude Include="_GenericCamera.h">
      <Filter>Headerdateien</Filter>
    </ClInclude>
    <ClInclude Include="BaslerGigECamera.h">
      <Filter>Headerdateien</Filter>
    </ClInclude>
    <ClInclude Include="BaslerUSBCamera.h">
      <Filter>Headerdateien</Filter>
    </ClInclude>
    <ClInclude Include="TimedFrame.h">
      <Filter>Headerdateien</Filter>
    </ClInclude>
  </ItemGroup>
  <ItemGroup>
    <ClCompile Include="dllmain.cpp">
      <Filter>Quelldateien</Filter>
    </ClCompile>
    <ClCompile Include="_BaslerGigECamera.cpp">
      <Filter>Quelldateien</Filter>
    </ClCompile>
    <ClCompile Include="_BaslerUSBCamera.cpp">
      <Filter>Quelldateien</Filter>
    </ClCompile>
    <ClCompile Include="_GenericCamera.cpp">
      <Filter>Quelldateien</Filter>
    </ClCompile>
    <ClCompile Include="BaslerGigECamera.cpp">
      <Filter>Quelldateien</Filter>
    </ClCompile>
    <ClCompile Include="BaslerUSBCamera.cpp">
      <Filter>Quelldateien</Filter>
    </ClCompile>
    <ClCompile Include="BaslerCamLib_wrap.cxx">
      <Filter>Generated Files</Filter>
    </ClCompile>
    <ClCompile Include="BaslerGigECamera_wrap.cxx">
      <Filter>Generated Files</Filter>
    </ClCompile>
    <ClCompile Include="BaslerUSBCamera_wrap.cxx">
      <Filter>Generated Files</Filter>
    </ClCompile>
    <ClCompile Include="TimedFrame.cpp">
      <Filter>Quelldateien</Filter>
    </ClCompile>
  </ItemGroup>
  <ItemGroup>
    <CustomBuild Include="BaslerCamLib.i">
      <Filter>SWIG Header</Filter>
    </CustomBuild>
    <CustomBuild Include="BaslerGigECamera.i">
      <Filter>SWIG Header</Filter>
    </CustomBuild>
    <CustomBuild Include="BaslerUSBCamera.i">
      <Filter>SWIG Header</Filter>
    </CustomBuild>
  </ItemGroup>
</Project>